
Microsoft Visual Studio Solution File, Format Version 12.00
# Visual Studio Version 16
VisualStudioVersion = 16.0.30611.23
MinimumVisualStudioVersion = 10.0.40219.1
Project("{FAE04EC0-301F-11D3-BF4B-00C04F79EFBC}") = "Coffee Victoria POS", "Coffee Victoria POS.csproj", "{FBFF4724-B7F7-46B1-8430-6DC0006D2BA7}"
EndProject
Global
	GlobalSection(SolutionConfigurationPlatforms) = preSolution
		Debug|Any CPU = Debug|Any CPU
		Release|Any CPU = Release|Any CPU
	EndGlobalSection
	GlobalSection(ProjectConfigurationPlatforms) = postSolution
		{FBFF4724-B7F7-46B1-8430-6DC0006D2BA7}.Debug|Any CPU.ActiveCfg = Debug|Any CPU
		{FBFF4724-B7F7-46B1-8430-6DC0006D2BA7}.Debug|Any CPU.Build.0 = Debug|Any CPU
		{FBFF4724-B7F7-46B1-8430-6DC0006D2BA7}.Release|Any CPU.ActiveCfg = Release|Any CPU
		{FBFF4724-B7F7-46B1-8430-6DC0006D2BA7}.Release|Any CPU.Build.0 = Release|Any CPU
	EndGlobalSection
	GlobalSection(SolutionProperties) = preSolution
		HideSolutionNode = FALSE
	EndGlobalSection
	GlobalSection(ExtensibilityGlobals) = postSolution
		SolutionGuid = {FA6F2B1F-815C-4184-9D09-38E965EEEE06}
	EndGlobalSection
EndGlobal
